{
  "version": 4,
  "terraform_version": "1.0.11",
  "serial": 15,
  "lineage": "869a0382-ccab-e199-cde5-e94988218a10",
  "outputs": {
    "droplet_ipv4": {
      "value": "134.122.5.154",
      "type": "string"
    },
    "droplet_tags": {
      "value": [
        "linux",
        "nagiev2992_at_mail_ru",
        "web-server"
      ],
      "type": [
        "set",
        "string"
      ]
    }
  },
  "resources": [
    {
      "mode": "managed",
      "type": "digitalocean_droplet",
      "name": "www-1",
      "provider": "provider[\"registry.terraform.io/digitalocean/digitalocean\"]",
      "instances": [
        {
          "schema_version": 1,
          "attributes": {
            "backups": false,
            "created_at": "2021-11-27T18:27:45Z",
            "disk": 25,
            "droplet_agent": null,
            "id": "275510230",
            "image": "ubuntu-20-04-x64",
            "ipv4_address": "134.122.5.154",
            "ipv4_address_private": "10.132.0.17",
            "ipv6": false,
            "ipv6_address": "",
            "locked": false,
            "memory": 1024,
            "monitoring": false,
            "name": "web-nginx",
            "price_hourly": 0.00744,
            "price_monthly": 5,
            "private_networking": true,
            "region": "nyc3",
            "resize_disk": true,
            "size": "s-1vcpu-1gb",
            "ssh_keys": [
              "7a:43:b6:a1:91:2d:df:79:99:ac:e2:72:bd:a0:e4:26"
            ],
            "status": "active",
            "tags": [
              "linux",
              "nagiev2992_at_mail_ru",
              "web-server"
            ],
            "urn": "do:droplet:275510230",
            "user_data": null,
            "vcpus": 1,
            "volume_ids": [],
            "vpc_uuid": "bddd0713-b6bd-4214-87e8-d0d92b61f848"
          },
          "sensitive_attributes": [],
          "private": "eyJzY2hlbWFfdmVyc2lvbiI6IjEifQ==",
          "dependencies": [
            "digitalocean_ssh_key.terraform-do"
          ]
        }
      ]
    },
    {
      "mode": "managed",
      "type": "digitalocean_ssh_key",
      "name": "terraform-do",
      "provider": "provider[\"registry.terraform.io/digitalocean/digitalocean\"]",
      "instances": [
        {
          "schema_version": 0,
          "attributes": {
            "fingerprint": "7a:43:b6:a1:91:2d:df:79:99:ac:e2:72:bd:a0:e4:26",
            "id": "32474673",
            "name": "Terraform-do",
            "public_key": "ssh-rsa AAAAB3NzaC1yc2EAAAADAQABAAABAQDEtiyMtWzl1y4spDtEkD+nxHxnDA2DKAMdD2IlrPgK27QP2SI+bLij1WT9fdv83jeC6Ep4O22eOfr+R+/RcjrQZ9Hf5MR7G0Jq0EIW4nx/uMkftMcGdb0DXHqqWg2kqhKeQvKoHznpQ3GAnEKF9LDYvdWC2KXQiE4h/6oehi1sjcs5QDfqSWYcyHOHpxQyFrBbALcC7E72PAX/Qf9KTfLYGcow58EcjCbObndjlF1/xgMSYsIHvUbFFPuY30yQZvutuAPCEBoDojqxIguGzpnHXcCxl+OeMWk93BGuzURsOCafZolvQnyz0h/jAQcmZtRqxeZ7x5omsboO23vNWIcJ root@centos-docker-1\n"
          },
          "sensitive_attributes": [],
          "private": "bnVsbA=="
        }
      ]
    }
  ]
}
